Microsoft Visual Studio Solution File, Format Version 11.00
# Visual Studio 2008

Project("{6ECA895C-6814-FE04-2DA1-DF89464C60CE}") = "FPS Demo", "Assembly-CSharp-firstpass.csproj", "{6A305036-AC2A-FF08-242B-DF3A074C4207}"
EndProject
Project("{6ECA895C-6814-FE04-2DA1-DF89464C60CE}") = "FPS Demo", "Assembly-UnityScript-firstpass.unityproj", "{E4C2E3B6-2359-03A3-BC2E-FAC7C0B29EFA}"
EndProject
Project("{6ECA895C-6814-FE04-2DA1-DF89464C60CE}") = "FPS Demo", "Assembly-UnityScript.unityproj", "{A4A173C6-3FE5-FC0B-3129-3312A7B85B38}"
EndProject
Global
	GlobalSection(SolutionConfigurationPlatforms) = preSolution
		Debug|Any CPU = Debug|Any CPU
		Release|Any CPU = Release|Any CPU
	EndGlobalSection
	GlobalSection(ProjectConfigurationPlatforms) = postSolution
		{6A305036-AC2A-FF08-242B-DF3A074C4207}.Debug|Any CPU.ActiveCfg = Debug|Any CPU
		{6A305036-AC2A-FF08-242B-DF3A074C4207}.Debug|Any CPU.Build.0 = Debug|Any CPU
		{6A305036-AC2A-FF08-242B-DF3A074C4207}.Release|Any CPU.ActiveCfg = Release|Any CPU
		{6A305036-AC2A-FF08-242B-DF3A074C4207}.Release|Any CPU.Build.0 = Release|Any CPU
		{E4C2E3B6-2359-03A3-BC2E-FAC7C0B29EFA}.Debug|Any CPU.ActiveCfg = Debug|Any CPU
		{E4C2E3B6-2359-03A3-BC2E-FAC7C0B29EFA}.Debug|Any CPU.Build.0 = Debug|Any CPU
		{E4C2E3B6-2359-03A3-BC2E-FAC7C0B29EFA}.Release|Any CPU.ActiveCfg = Release|Any CPU
		{E4C2E3B6-2359-03A3-BC2E-FAC7C0B29EFA}.Release|Any CPU.Build.0 = Release|Any CPU
		{A4A173C6-3FE5-FC0B-3129-3312A7B85B38}.Debug|Any CPU.ActiveCfg = Debug|Any CPU
		{A4A173C6-3FE5-FC0B-3129-3312A7B85B38}.Debug|Any CPU.Build.0 = Debug|Any CPU
		{A4A173C6-3FE5-FC0B-3129-3312A7B85B38}.Release|Any CPU.ActiveCfg = Release|Any CPU
		{A4A173C6-3FE5-FC0B-3129-3312A7B85B38}.Release|Any CPU.Build.0 = Release|Any CPU
	EndGlobalSection
	GlobalSection(SolutionProperties) = preSolution
		HideSolutionNode = FALSE
	EndGlobalSection
																						GlobalSection(MonoDevelopProperties) = preSolution
		StartupItem = Assembly-CSharp.csproj
		Policies = $0
		$0.TextStylePolicy = $1
		$1.inheritsSet = null
		$1.scope = text/x-csharp
		$0.CSharpFormattingPolicy = $2
		$2.inheritsSet = Mono
		$2.inheritsScope = text/x-csharp
		$2.scope = text/x-csharp
		$0.TextStylePolicy = $3
		$3.FileWidth = 120
		$3.TabWidth = 4
		$3.EolMarker = Unix
		$3.inheritsSet = Mono
		$3.inheritsScope = text/plain
		$3.scope = text/plain
	EndGlobalSection

EndGlobal
