Microsoft Visual Studio Solution File, Format Version 11.00
# Visual Studio 2008

Project("{780C88D9-20E5-A893-1C7E-73439A8AD5F5}") = "Z landing", "Assembly-CSharp-firstpass-vs.csproj", "{D247021F-ECF1-4F40-7BE9-D1441398C67D}"
EndProject
Global
	GlobalSection(SolutionConfigurationPlatforms) = preSolution
		Debug|Any CPU = Debug|Any CPU
		Release|Any CPU = Release|Any CPU
	EndGlobalSection
	GlobalSection(ProjectConfigurationPlatforms) = postSolution
		{D247021F-ECF1-4F40-7BE9-D1441398C67D}.Debug|Any CPU.ActiveCfg = Debug|Any CPU
		{D247021F-ECF1-4F40-7BE9-D1441398C67D}.Debug|Any CPU.Build.0 = Debug|Any CPU
		{D247021F-ECF1-4F40-7BE9-D1441398C67D}.Release|Any CPU.ActiveCfg = Release|Any CPU
		{D247021F-ECF1-4F40-7BE9-D1441398C67D}.Release|Any CPU.Build.0 = Release|Any CPU
	EndGlobalSection
	GlobalSection(SolutionProperties) = preSolution
		HideSolutionNode = FALSE
	EndGlobalSection
																																																																																																																																																																																																																																																			GlobalSection(MonoDevelopProperties) = preSolution
		StartupItem = Assembly-CSharp.csproj
		Policies = $0
		$0.TextStylePolicy = $1
		$1.inheritsSet = null
		$1.scope = text/x-csharp
		$0.CSharpFormattingPolicy = $2
		$2.inheritsSet = Mono
		$2.inheritsScope = text/x-csharp
		$2.scope = text/x-csharp
		$0.TextStylePolicy = $3
		$3.FileWidth = 120
		$3.TabWidth = 4
		$3.EolMarker = Unix
		$3.inheritsSet = Mono
		$3.inheritsScope = text/plain
		$3.scope = text/plain
	EndGlobalSection

EndGlobal
